lockfileVersion: '9.0'

settings:
  autoInstallPeers: true
  excludeLinksFromLockfile: false

importers:

  .:
    devDependencies:
      grunt:
        specifier: ^0.4.5
        version: 0.4.5
      grunt-contrib-concat:
        specifier: ^0.5.0
        version: 0.5.1(grunt@0.4.5)
      grunt-contrib-jshint:
        specifier: ^0.8.0
        version: 0.8.0(grunt@0.4.5)
      grunt-contrib-uglify:
        specifier: ^0.3.3
        version: 0.3.3(grunt@0.4.5)
      grunt-contrib-watch:
        specifier: ^0.5.3
        version: 0.5.3(grunt@0.4.5)
      grunt-notify:
        specifier: ^0.3.1
        version: 0.3.1(grunt@0.4.5)
      load-grunt-tasks:
        specifier: ^0.6.0
        version: 0.6.0

packages:

  '@isaacs/cliui@8.0.2':
    resolution: {integrity: sha512-O8jcjabXaleOG9DQ0+ARXWZBTfnP4WNAqzuiJK7ll44AmxGKv/J2M4TPjxjY3znBCfvBXFzucm1twdyFybFqEA==}
    engines: {node: '>=12'}

  abbrev@1.1.1:
    resolution: {integrity: sha512-nne9/IiQ/hzIhY6pdDnbBtz7DjPTKrY00P/zvPSm5pOFkl6xuGrGnXn/VtTNNfNtAfZ9/1RtehkszU9qcTii0Q==}

  amdefine@1.0.1:
    resolution: {integrity: sha512-S2Hw0TtNkMJhIabBwIojKL9YHO5T0n5eNqWJ7Lrlel/zDbftQpxpapi8tZs3X1HWa+u+QeydGmzzNU0m09+Rcg==}
    engines: {node: '>=0.4.2'}

  ansi-regex@0.2.1:
    resolution: {integrity: sha512-sGwIGMjhYdW26/IhwK2gkWWI8DRCVO6uj3hYgHT+zD+QL1pa37tM3ujhyfcJIYSbsxp7Gxhy7zrRW/1AHm4BmA==}
    engines: {node: '>=0.10.0'}

  ansi-regex@5.0.1:
    resolution: {integrity: sha512-quJQXlTSUGL2LH9SUXo8VwsY4soanhgo6LNSm84E1LBcE8s3O0wpdiRzyR9z/ZZJMlMWv37qOOb9pdJlMUEKFQ==}
    engines: {node: '>=8'}

  ansi-regex@6.1.0:
    resolution: {integrity: sha512-7HSX4QQb4CspciLpVFwyRe79O3xsIZDDLER21kERQ71oaPodF8jL725AgJMFAYbooIqolJoRLuM81SpeUkpkvA==}
    engines: {node: '>=12'}

  ansi-styles@1.0.0:
    resolution: {integrity: sha512-3iF4FIKdxaVYT3JqQuY3Wat/T2t7TRbbQ94Fu50ZUCbLy4TFbTzr90NOHQodQkNqmeEGCw8WbeP78WNi6SKYUA==}
    engines: {node: '>=0.8.0'}

  ansi-styles@1.1.0:
    resolution: {integrity: sha512-f2PKUkN5QngiSemowa6Mrk9MPCdtFiOSmibjZ+j1qhLGHHYsqZwmBMRF3IRMVXo8sybDqx2fJl2d/8OphBoWkA==}
    engines: {node: '>=0.10.0'}

  ansi-styles@4.3.0:
    resolution: {integrity: sha512-zbB9rCJAT1rbjiVDb2hqKFHNYLxgtk8NURxZ3IZwD3F6NtxbXZQCnnSi1Lkx+IDohdPlFp222wVALIheZJQSEg==}
    engines: {node: '>=8'}

  ansi-styles@6.2.1:
    resolution: {integrity: sha512-bN798gFfQX+viw3R7yrGWRqnrN2oRkEkUjjl4JNn4E8GxxbjtG3FbrEIIY3l8/hrwUwIeCZvi4QuOTP4MErVug==}
    engines: {node: '>=12'}

  argparse@0.1.16:
    resolution: {integrity: sha512-LjmC2dNpdn2L4UzyoaIr11ELYoLn37ZFy9zObrQFHsSuOepeUEMKnM8w5KL4Tnrp2gy88rRuQt6Ky8Bjml+Baw==}

  array-differ@0.1.0:
    resolution: {integrity: sha512-RGmBEbSH4jw1OLmdJtZEL5P6AvgKR9SZGF4KQoWnCmd+QVajPUNEIMSuS1q0ZEdsMUujKGICDsgg4znkzvKi3Q==}
    engines: {node: '>=0.10.0'}

  array-union@0.1.0:
    resolution: {integrity: sha512-XVcavaat1j9X9CvRZnqRKlI3MM4+XoDdjrOWytkFncy2Z2hSPYyTEtNBNTyMrX+q7Yw+W/e4kURGCiAH0wEy+w==}
    engines: {node: '>=0.10.0'}

  array-uniq@0.1.1:
    resolution: {integrity: sha512-f2yZoxGtRdrmvV142WQ8ALxpA/nQihGiO0kWVkA4O1dmUbCFn3HjYu6wnKzs/gBhB/gJiEKhk66DtSTEVZM5ag==}
    engines: {node: '>=0.10.0'}

  async@0.1.22:
    resolution: {integrity: sha512-2tEzliJmf5fHNafNwQLJXUasGzQCVctvsNkXmnlELHwypU0p08/rHohYvkqKIjyXpx+0rkrYv6QbhJ+UF4QkBg==}

  async@0.2.10:
    resolution: {integrity: sha512-eAkdoKxU6/LkKDBzLpT+t6Ff5EtfSF4wx1WfJiPEEV7WNLnDaRXk0oVysiEPm262roaachGexwUv94WhSgN5TQ==}

  balanced-match@1.0.2:
    resolution: {integrity: sha512-3oSeUO0TMV67hN1AmbXsK4yaqU7tjiHlbxRDZOpH0KW9+CeX4bRAaX0Anxt0tx2MrpRpWwQaPwIlISEJhYU5Pw==}

  brace-expansion@2.0.1:
    resolution: {integrity: sha512-XnAIvQ8eM+kC6aULx6wuQiwVsnzsi9d3WxzV3FpWTGA19F621kwdbsAcFKXgKUHZWsy+mY6iL1sHTxWEFCytDA==}

  camelcase@1.2.1:
    resolution: {integrity: sha512-wzLkDa4K/mzI1OSITC+DUyjgIl/ETNHE9QvYgy6J6Jvqyyz4C0Xfd+lQhb19sX2jMpZV4IssUn0VDVmglV+s4g==}
    engines: {node: '>=0.10.0'}

  chalk@0.4.0:
    resolution: {integrity: sha512-sQfYDlfv2DGVtjdoQqxS0cEZDroyG8h6TamA6rvxwlrU5BaSLDx9xhatBYl2pxZ7gmpNaPFVwBtdGdu5rQ+tYQ==}
    engines: {node: '>=0.8.0'}

  chalk@0.5.1:
    resolution: {integrity: sha512-bIKA54hP8iZhyDT81TOsJiQvR1gW+ZYSXFaZUAvoD4wCHdbHY2actmpTE4x344ZlFqHbvoxKOaESULTZN2gstg==}
    engines: {node: '>=0.10.0'}

  cli@0.4.5:
    resolution: {integrity: sha512-dbn5HyeJWSOU58RwOEiF1VWrl7HRvDsKLpu0uiI/vExH6iNoyUzjB5Mr3IJY5DVUfnbpe9793xw4DFJVzC9nWQ==}
    engines: {node: '>=0.2.5'}

  coffee-script@1.3.3:
    resolution: {integrity: sha512-QjQ1T4BqyHv19k6XSfdhy/QLlIOhywz0ekBUCa9h71zYMJlfDTGan/Z1JXzYkZ6v8R+GhvL/p4FZPbPW8WNXlg==}
    engines: {node: '>=0.4.0'}
    deprecated: CoffeeScript on NPM has moved to "coffeescript" (no hyphen)
    hasBin: true

  color-convert@2.0.1:
    resolution: {integrity: sha512-RRECPsj7iu/xb5oKYcsFHSppFNnsj/52OVTRKb4zP5onXwVF3zVmmToNcOfGC+CRDpfK/U584fMg38ZHCaElKQ==}
    engines: {node: '>=7.0.0'}

  color-name@1.1.4:
    resolution: {integrity: sha512-dOy+3AuW3a2wNbZHIuMZpTcgjGuLU/uBL/ubcZF9OXbDo8ff4O8yVp5Bf0efS8uEoYo5q4Fx7dY9OgQGXgAsQA==}

  colors@0.6.2:
    resolution: {integrity: sha512-OsSVtHK8Ir8r3+Fxw/b4jS1ZLPXkV6ZxDRJQzeD7qo0SqMXWrHDM71DgYzPMHY8SFJ0Ao+nNU2p1MmwdzKqPrw==}
    engines: {node: '>=0.1.90'}

  console-browserify@0.1.6:
    resolution: {integrity: sha512-FJahZyF+dLKrC7h4DOq5JsHA+f0cLJD3TR1+0CK3n6phtdrVAPsZZKq+PZRmo2RYSOHvvs8kNhU4uRiSZUbSbA==}

  core-util-is@1.0.3:
    resolution: {integrity: sha512-ZQBvi1DcpJ4GDqanjucZ2Hj3wEO5pZDS89BWbkcrvdxksJorwUDDZamX9ldFkp9aw2lmBDLgkObEA4DWNJ9FYQ==}

  cross-spawn@7.0.6:
    resolution: {integrity: sha512-uV2QOWP2nWzsy2aMp8aRibhi9dlzF5Hgh5SHaB9OiTGEyDTiJJyx0uy51QXdyWbtAHNua4XJzUKca3OzKUd3vA==}
    engines: {node: '>= 8'}

  dateformat@1.0.2-1.2.3:
    resolution: {integrity: sha512-AXvW8g7tO4ilk5HgOWeDmPi/ZPaCnMJ+9Cg1I3p19w6mcvAAXBuuGEXAxybC+Djj1PSZUiHUcyoYu7WneCX8gQ==}

  debug@0.7.4:
    resolution: {integrity: sha512-EohAb3+DSHSGx8carOSKJe8G0ayV5/i609OD0J2orCkuyae7SyZSz2aoLmQF2s0Pj5gITDebwPH7GFBlqOUQ1Q==}
    peerDependencies:
      supports-color: '*'
    peerDependenciesMeta:
      supports-color:
        optional: true

  decamelize@1.2.0:
    resolution: {integrity: sha512-z2S+W9X73hAUUki+N+9Za2lBlun89zigOyGrsax+KUQ6wKW4ZoWpEYBkGhQjwAjjDCkWxhY0VKEhk8wzY7F5cA==}
    engines: {node: '>=0.10.0'}

  domelementtype@1.3.1:
    resolution: {integrity: sha512-BSKB+TSpMpFI/HOxCNr1O8aMOTZ8hT3pM3GQ0w/mWRmkhEDSFJkkyzz4XQsBV44BChwGkrDfMyjVD0eA2aFV3w==}

  domhandler@2.1.0:
    resolution: {integrity: sha512-4Qr6GTzdsnKVGdYferZT3na5zkswztvfsoyprP/j2bLf1l3pUTamwYvNVldkEYFG6Ll+3eV5mVk0zgRr6iI+SA==}

  domutils@1.1.6:
    resolution: {integrity: sha512-ZeagMzMKyk9GSFMqV3x3uHgRN36hLpSOF6LIRXmftce0UUqFsAx/azJAJ4Jc+9DYKmwROH5HLOcOu1OPARWwNg==}

  eastasianwidth@0.2.0:
    resolution: {integrity: sha512-I88TYZWc9XiYHRQ4/3c5rjjfgkjhLyW2luGIheGERbNQ6OY7yTybanSpDXZa8y7VUP9YmDcYa+eyq4ca7iLqWA==}

  emoji-regex@8.0.0:
    resolution: {integrity: sha512-MSjYzcWNOA0ewAHpz0MxpYFvwg6yjy1NG3xteoqz644VCo/RPgnr1/GGt+ic3iJTzQ8Eu3TdM14SawnVUmGE6A==}

  emoji-regex@9.2.2:
    resolution: {integrity: sha512-L18DaJsXSUk2+42pv8mLs5jJT2hqFkFE4j21wOmgbUqsZ2hL72NsUU785g9RXgo3s0ZNgVl42TiHp3ZtOv/Vyg==}

  escape-string-regexp@1.0.5:
    resolution: {integrity: sha512-vbRorB5FUQWvla16U8R/qgaFIya2qGzwDrNmCZuYKrbdSUMG6I1ZCGQRefkRVhuOkIGVne7BQ35DSfo1qvJqFg==}
    engines: {node: '>=0.8.0'}

  esprima@1.0.4:
    resolution: {integrity: sha512-rp5dMKN8zEs9dfi9g0X1ClLmV//WRyk/R15mppFNICIFRG5P92VP7Z04p8pk++gABo9W2tY+kHyu6P1mEHgmTA==}
    engines: {node: '>=0.4.0'}
    hasBin: true

  eventemitter2@0.4.14:
    resolution: {integrity: sha512-K7J4xq5xAD5jHsGM5ReWXRTFa3JRGofHiMcVgQ8PRwgWxzjHpMWCIzsmyf60+mh8KLsqYPcjUMa0AC4hd6lPyQ==}

  exit@0.1.2:
    resolution: {integrity: sha512-Zk/eNKV2zbjpKzrsQ+n1G6poVbErQxJ0LBOJXaKZ1EViLzH+hrLu9cdXI4zw9dBQJslwBEpbQ2P1oS7nDxs6jQ==}
    engines: {node: '>= 0.8.0'}

  faye-websocket@0.4.4:
    resolution: {integrity: sha512-78pqrJbvGZSe8i+PLsPd+aJqTyGqgyWLnMw5NOwtXCTVMzEFh1zQPwIuIL/ycTj4rkDy5zZ9B6frYPqVPJBzyQ==}
    engines: {node: '>=0.4.0'}

  findup-sync@0.1.3:
    resolution: {integrity: sha512-yjftfYnF4ThYEvKEV/kEFR15dmtyXTAh3vQnzpJUoc7Naj5y1P0Ck7Zs1+Vroa00E3KT3IYsk756S+8WA5dNLw==}
    engines: {node: '>= 0.6.0'}

  foreground-child@3.3.0:
    resolution: {integrity: sha512-Ld2g8rrAyMYFXBhEqMz8ZAHBi4J4uS1i/CxGMDnjyFWddMXLVcDp051DZfu+t7+ab7Wv6SMqpWmyFIj5UbfFvg==}
    engines: {node: '>=14'}

  gaze@0.4.3:
    resolution: {integrity: sha512-bsml5XrMCpQlAG8HaH/JBpZzAEtlB60AW7c5PpO2OI1iabeisxoRi7sIcObabQUtufQti30fgxg202fs04b6fA==}
    engines: {node: '>= 0.8.0'}

  getobject@0.1.0:
    resolution: {integrity: sha512-hIGEBfnHcZpWkXPsAVeVmpYDvfy/matVl03yOY91FPmnpCC12Lm5izNxCjO3lHAeO6uaTwMxu7g450Siknlhig==}
    engines: {node: '>= 0.8.0'}

  glob@11.0.0:
    resolution: {integrity: sha512-9UiX/Bl6J2yaBbxKoEBRm4Cipxgok8kQYcOPEhScPwebu2I0HoQOuYdIO6S3hLuWoZgpDpwQZMzTFxgpkyT76g==}
    engines: {node: 20 || >=22}
    hasBin: true

  glob@3.1.21:
    resolution: {integrity: sha512-ANhy2V2+tFpRajE3wN4DhkNQ08KDr0Ir1qL12/cUe5+a7STEK8jkW4onUYuY8/06qAFuT5je7mjAqzx0eKI2tQ==}
    deprecated: Glob versions prior to v9 are no longer supported

  glob@3.2.11:
    resolution: {integrity: sha512-hVb0zwEZwC1FXSKRPFTeOtN7AArJcJlI6ULGLtrstaswKNlrTJqAA+1lYlSUop4vjA423xlBzqfVS3iWGlqJ+g==}
    deprecated: Glob versions prior to v9 are no longer supported

  globule@0.1.0:
    resolution: {integrity: sha512-3eIcA2OjPCm4VvwIwZPzIxCVssA8HSpM2C6c6kK5ufJH4FGwWoyqL3In19uuX4oe+TwH3w2P1nQDmW56iehO4A==}
    engines: {node: '>= 0.8.0'}

  graceful-fs@1.2.3:
    resolution: {integrity: sha512-iiTUZ5vZ+2ZV+h71XAgwCSu6+NAizhFU3Yw8aC/hH5SQ3SnISqEqAek40imAFGtDcwJKNhXvSY+hzIolnLwcdQ==}
    engines: {node: '>=0.4.0'}
    deprecated: please upgrade to graceful-fs 4 for compatibility with current and future versions of Node.js

  grunt-contrib-concat@0.5.1:
    resolution: {integrity: sha512-on8j+wGXvo6yVEDjyoUsFU2GeYcpZ9Qhj78XQMeU3yDYSPcHfCeuOo2hV8GAQO9u1JuQFEHgA0O7wFKXO7miqg==}
    engines: {node: '>=0.10.0'}
    peerDependencies:
      grunt: '>=0.4.0'

  grunt-contrib-jshint@0.8.0:
    resolution: {integrity: sha512-gVOFxBOutbFRb8q0lia8yYDSK2dkC/UN44IpAQNZa10M09bM+jVbYeKPbQnyye78Wbnsa8gByVTvLRqKK2r/+g==}
    engines: {node: '>= 0.8.0'}
    peerDependencies:
      grunt: ~0.4.0

  grunt-contrib-uglify@0.3.3:
    resolution: {integrity: sha512-IlS1DFnyv/5PxEvuWmHy/cL/YWIGfhhSmxRf70maKjm3jeWi4xx0JNlq6sa7iMGxhyUpPWOqkrVN/KBveFiUQg==}
    engines: {node: '>= 0.8.0'}
    peerDependencies:
      grunt: ~0.4.0

  grunt-contrib-watch@0.5.3:
    resolution: {integrity: sha512-i/Q9MN2LeDIDIUOxsZ8Xa4LVEGDXkjKoWejRZqYKP8ygzvlAZT1xFglvAhyXU7XSeFZcBxW2cEFnlTkrDfURVQ==}
    engines: {node: '>= 0.8.0'}
    peerDependencies:
      grunt: ~0.4.0

  grunt-legacy-log-utils@0.1.1:
    resolution: {integrity: sha512-D0vbUX00TFYCKNZtcZzemMpwT8TR/FdRs1pmfiBw6qnUw80PfsjV+lhIozY/3eJ3PSG2zj89wd2mH/7f4tNAlw==}
    engines: {node: '>= 0.8.0'}

  grunt-legacy-log@0.1.3:
    resolution: {integrity: sha512-qYs/uM0ImdzwIXLhS4O5WLV5soAM+PEqqHI/hzSxlo450ERSccEhnXqoeDA9ZozOdaWuYnzTOTwRcVRogleMxg==}
    engines: {node: '>= 0.8.0'}

  grunt-legacy-util@0.2.0:
    resolution: {integrity: sha512-cXPbfF8aM+pvveQeN1K872D5fRm30xfJWZiS63Y8W8oyIPLClCsmI8bW96Txqzac9cyL4lRqEBhbhJ3n5EzUUQ==}
    engines: {node: '>= 0.8.0'}

  grunt-lib-contrib@0.6.1:
    resolution: {integrity: sha512-HdCtJuMmmkSAVrAfsG7lZWE0YabrsPWwzcCCUgWQOAaQsQSUNhw/IwD2YjCSLh5y9NXSPzHTYFLL4ro7QbAJMA==}
    engines: {node: '>= 0.8.0'}

  grunt-notify@0.3.1:
    resolution: {integrity: sha512-KiDiar60JVTTm0TL5+l7qWzMtqMGc5tJaXISYvwEh7Vv674weqGsDoUItZW27A+Z188q8542eEJU0sG4H3B6Yg==}
    engines: {node: '>= 0.10.0'}
    peerDependencies:
      grunt: ~0.4.1

  grunt@0.4.5:
    resolution: {integrity: sha512-1iq3ylLjzXqz/KSq1OAE2qhnpcbkF2WyhsQcavZt+YmgvHu0EbPMEhGhy2gr0FP67isHpRdfwjB5WVeXXcJemQ==}
    engines: {node: '>= 0.8.0'}

  has-ansi@0.1.0:
    resolution: {integrity: sha512-1YsTg1fk2/6JToQhtZkArMkurq8UoWU1Qe0aR3VUHjgij4nOylSWLWAtBXoZ4/dXOmugfLGm1c+QhuD0JyedFA==}
    engines: {node: '>=0.10.0'}
    hasBin: true

  has-color@0.1.7:
    resolution: {integrity: sha512-kaNz5OTAYYmt646Hkqw50/qyxP2vFnTVu5AQ1Zmk22Kk5+4Qx6BpO8+u7IKsML5fOsFk0ZT0AcCJNYwcvaLBvw==}
    engines: {node: '>=0.10.0'}

  hooker@0.2.3:
    resolution: {integrity: sha512-t+UerCsQviSymAInD01Pw+Dn/usmz1sRO+3Zk1+lx8eg+WKpD2ulcwWqHHL0+aseRBr+3+vIhiG1K1JTwaIcTA==}

  htmlparser2@3.3.0:
    resolution: {integrity: sha512-Z8i63n7seuPvRe1PQyrjmoVStv7bjMa0skrOl/k6tnT/5WpPNrzWLB1Hg/dJxBXH/M6KZvm25JQGVCiQGxURLQ==}

  iconv-lite@0.2.11:
    resolution: {integrity: sha512-KhmFWgaQZY83Cbhi+ADInoUQ8Etn6BG5fikM9syeOjQltvR45h7cRKJ/9uvQEuD61I3Uju77yYce0/LhKVClQw==}
    engines: {node: '>=0.4.0'}

  inherits@1.0.2:
    resolution: {integrity: sha512-Al67oatbRSo3RV5hRqIoln6Y5yMVbJSIn4jEJNL7VCImzq/kLr7vvb6sFRJXqr8rpHc/2kJOM+y0sPKN47VdzA==}

  inherits@2.0.4:
    resolution: {integrity: sha512-k/vGaX4/Yla3WzyMCvTQOXYeIHvqOKtnqBduzTHpzpQZzAskKMhZ2K+EnBiSM9zGSoIFeMpXKxa4dYeZIQqewQ==}

  is-fullwidth-code-point@3.0.0:
    resolution: {integrity: sha512-zymm5+u+sCsSWyD9qNaejV3DFvhCKclKdizYaJUuHA83RLjb7nSuGnddCHGv0hk+KY7BMAlsWeK4Ueg6EV6XQg==}
    engines: {node: '>=8'}

  isarray@0.0.1:
    resolution: {integrity: sha512-D2S+3GLxWH+uhrNEcoh/fnmYeP8E8/zHl644d/jdA0g2uyXvy3sb0qxotE+ne0LtccHknQzWwZEzhak7oJ0COQ==}

  isexe@2.0.0:
    resolution: {integrity: sha512-RHxMLp9lnKHGHRng9QFhRCMbYAcVpn69smSGcq3f36xjgVVWThj4qqLbTLlq7Ssj8B+fIQ1EuCEGI2lKsyQeIw==}

  jackspeak@4.0.2:
    resolution: {integrity: sha512-bZsjR/iRjl1Nk1UkjGpAzLNfQtzuijhn2g+pbZb98HQ1Gk8vM9hfbxeMBP+M2/UUdwj0RqGG3mlvk2MsAqwvEw==}
    engines: {node: 20 || >=22}

  js-yaml@2.0.5:
    resolution: {integrity: sha512-VEKcIksckDBUhg2JS874xVouiPkywVUh4yyUmLCDe1Zg3bCd6M+F1eGPenPeHLc2XC8pp9G8bsuofK0NeEqRkA==}
    engines: {node: '>= 0.6.0'}
    hasBin: true

  jshint@2.4.4:
    resolution: {integrity: sha512-Nzlx5kilVb7RB/Vcw00C0/3AFqjWOE1MFuav3n0G2DC8l3IK/BGW295SELgZziJ/TIaAWHBqbw9+9i3GP4w6dQ==}
    hasBin: true

  load-grunt-tasks@0.6.0:
    resolution: {integrity: sha512-OUMvXssHQjX1RZ24ouBboouj0joMjc8OArRMbXEKTIfCuGtAbMlvRUirXdJDKZePdwQRIT/pAWXarjo3YrPUaQ==}
    engines: {node: '>=0.10.0'}

  lodash@0.9.2:
    resolution: {integrity: sha512-LVbt/rjK62gSbhehDVKL0vlaime4Y1IBixL+bKeNfoY4L2zab/jGrxU6Ka05tMA/zBxkTk5t3ivtphdyYupczw==}
    engines: {'0': node, '1': rhino}

  lodash@1.0.2:
    resolution: {integrity: sha512-0VSEDVec/Me2eATuoiQd8IjyBMMX0fahob8YJ96V1go2RjvCk1m1GxmtfXn8RNSaLaTtop7fsuhhu9oLk3hUgA==}
    engines: {'0': node, '1': rhino}

  lodash@2.4.2:
    resolution: {integrity: sha512-Kak1hi6/hYHGVPmdyiZijoQyz5x2iGVzs6w9GYB/HiXEtylY7tIoYEROMjvM1d9nXJqPOrG2MNPMn01bJ+S0Rw==}
    engines: {'0': node, '1': rhino}

  lru-cache@11.0.2:
    resolution: {integrity: sha512-123qHRfJBmo2jXDbo/a5YOQrJoHF/GNQTLzQ5+IdK5pWpceK17yRc6ozlWd25FxvGKQbIUs91fDFkXmDHTKcyA==}
    engines: {node: 20 || >=22}

  lru-cache@2.7.3:
    resolution: {integrity: sha512-WpibWJ60c3AgAz8a2iYErDrcT2C7OmKnsWhIcHOjkUHFjkXncJhtLxNSqUmxRxRunpb5I8Vprd7aNSd2NtksJQ==}

  minimatch@0.2.14:
    resolution: {integrity: sha512-zZ+Jy8lVWlvqqeM8iZB7w7KmQkoJn8djM585z88rywrEbzoqawVa9FR5p2hwD+y74nfuKOjmNvi9gtWJNLqHvA==}
    deprecated: Please update to minimatch 3.0.2 or higher to avoid a RegExp DoS issue

  minimatch@0.3.0:
    resolution: {integrity: sha512-WFX1jI1AaxNTZVOHLBVazwTWKaQjoykSzCBNXB72vDTCzopQGtyP91tKdFK5cv1+qMwPyiTu1HqUriqplI8pcA==}
    deprecated: Please update to minimatch 3.0.2 or higher to avoid a RegExp DoS issue

  minimatch@0.4.0:
    resolution: {integrity: sha512-yJKJL1g3to7f4C/9LzHXTzNh550xKGefiCls9RS+DDdsDpKpndY49UDZW5sj/3yeac3Hl2Px3w5bT8bM/dMrWQ==}
    deprecated: Please update to minimatch 3.0.2 or higher to avoid a RegExp DoS issue

  minimatch@10.0.1:
    resolution: {integrity: sha512-ethXTt3SGGR+95gudmqJ1eNhRO7eGEGIgYA9vnPatK4/etz2MEVDno5GMCibdMTuBMyElzIlgxMna3K94XDIDQ==}
    engines: {node: 20 || >=22}

  minipass@7.1.2:
    resolution: {integrity: sha512-qOOzS1cBTWYF4BH8fVePDBOO9iptMnGUEZwNc/cMWnTV2nVLZ7VoNWEPHkYczZA0pdoA7dl6e7FL659nX9S2aw==}
    engines: {node: '>=16 || 14 >=14.17'}

  multimatch@0.3.0:
    resolution: {integrity: sha512-HYWM2J/yy3bE/0WjH2ZdOs18tEnXahpjZh+V3FSGSr+TPIOzlp3IgX+SqWW1i24emWpFfBp9rbYX8L+oMhU8Sg==}
    engines: {node: '>=0.10.0'}

  nopt@1.0.10:
    resolution: {integrity: sha512-NWmpvLSqUrgrAC9HCuxEvb+PSloHpqVu+FqcO4eeF2h5qYRhA7ev6KvelyQAKtegUbC6RypJnlEOhd8vloNKYg==}
    hasBin: true

  nopt@2.0.0:
    resolution: {integrity: sha512-uVTsuT8Hm3aN3VttY+BPKw4KU9lVpI0F22UAr/I1r6+kugMr3oyhMALkycikLcdfvGRsgzCYN48DYLBFcJEUVg==}
    hasBin: true

  noptify@0.0.3:
    resolution: {integrity: sha512-EZT35r9AuK+hig+iYv4144kwfDEDhlj3zncVHw9b9d86TUYk/67BtBApkfPD1kslAT/8TTD262xdsVbV+iCSTw==}

  package-json-from-dist@1.0.1:
    resolution: {integrity: sha512-UEZIS3/by4OC8vL3P2dTXRETpebLI2NiI5vIrjaD/5UtrkFX/tNbwjTSRAGC/+7CAo2pIcBaRgWmcBBHcsaCIw==}

  path-key@3.1.1:
    resolution: {integrity: sha512-ojmeN0qd+y0jszEtoY48r0Peq5dwMEkIlCOu6Q5f41lfkswXuKtYrhgoTpLnyIcHm24Uhqx+5Tqm2InSwLhE6Q==}
    engines: {node: '>=8'}

  path-scurry@2.0.0:
    resolution: {integrity: sha512-ypGJsmGtdXUOeM5u93TyeIEfEhM6s+ljAhrk5vAvSx8uyY/02OvrZnA0YNGUrPXfpJMgI1ODd3nwz8Npx4O4cg==}
    engines: {node: 20 || >=22}

  qs@0.5.6:
    resolution: {integrity: sha512-KbOrQrP5Ye+0gmq+hwxoJwAFRwExACWqwxj1IDFFgqOw9Poxy3wwSbafd9ZqP6T6ykMfnxM573kt/a4i9ybatQ==}

  readable-stream@1.0.34:
    resolution: {integrity: sha512-ok1qVCJuRkNmvebYikljxJA/UEsKwLl2nI1OmaqAu4/UE+h0wKCHok4XkL/gvi39OacXvw59RJUOFUkDib2rHg==}

  rimraf@2.2.8:
    resolution: {integrity: sha512-R5KMKHnPAQaZMqLOsyuyUmcIjSeDm+73eoqQpaXA7AZ22BL+6C+1mcUscgOsNd8WVlJuvlgAPsegcx7pjlV0Dg==}
    deprecated: Rimraf versions prior to v4 are no longer supported
    hasBin: true

  semver@3.0.1:
    resolution: {integrity: sha512-MrF9mHWFtD/0eV4t3IheoXnGWTdw17axm5xqzOWyPsOMVnTtRAZT6uwPwslQXH5SsiaBLiMuu8NX8DtXWZfDwg==}
    hasBin: true

  shebang-command@2.0.0:
    resolution: {integrity: sha512-kHxr2zZpYtdmrN1qDjrrX/Z1rR1kG8Dx+gkpK1G4eXmvXswmcE1hTWBWYUzlraYw1/yZp6YuDY77YtvbN0dmDA==}
    engines: {node: '>=8'}

  shebang-regex@3.0.0:
    resolution: {integrity: sha512-7++dFhtcx3353uBaq8DDR4NuxBetBzC7ZQOhmTQInHEd6bSrXdiEyzCvG07Z44UYdLShWUyXt5M/yhz8ekcb1A==}
    engines: {node: '>=8'}

  shelljs@0.1.4:
    resolution: {integrity: sha512-UkXLBuUzAJwkal/0eYnQs8LpXQ4grKL5kPtA0RkUzhj1khUvw5Z2d717GRTRclDWQ+Y14yWkiM9cJX2CwSHxpw==}
    hasBin: true

  sigmund@1.0.1:
    resolution: {integrity: sha512-fCvEXfh6NWpm+YSuY2bpXb/VIihqWA6hLsgboC+0nl71Q7N7o2eaCW8mJa/NLvQhs6jpd3VZV4UiUQlV6+lc8g==}

  signal-exit@4.1.0:
    resolution: {integrity: sha512-bzyZ1e88w9O1iNJbKnOlvYTrWPDl46O1bG0D3XInv+9tkPrxrN8jUUTiFlDkkmKWgn1M6CfIA13SuGqOa9Korw==}
    engines: {node: '>=14'}

  source-map@0.1.34:
    resolution: {integrity: sha512-yfCwDj0vR9RTwt3pEzglgb3ZgmcXHt6DjG3bjJvzPwTL+5zDQ2MhmSzAcTy0GTiQuCiriSWXvWM1/NhKdXuoQA==}
    engines: {node: '>=0.8.0'}

  source-map@0.3.0:
    resolution: {integrity: sha512-jz8leTIGS8+qJywWiO9mKza0hJxexdeIYXhDHw9avTQcXSNAGk3hiiRMpmI2Qf9dOrZDrDpgH9VNefzuacWC9A==}
    engines: {node: '>=0.8.0'}

  stack-parser@0.0.1:
    resolution: {integrity: sha512-7wM3FaSOHg0EMrQ4GqRLLwAN4oY8eUHiqOnxTQgRnJ3hAiGKhAItH+cAJHqyyxgBJSr06MosLpkg9hksbrJakQ==}

  string-width@4.2.3:
    resolution: {integrity: sha512-wKyQRQpjJ0sIp62ErSZdGsjMJWsap5oRNihHhu6G7JVO/9jIB6UyevL+tXuOqrng8j/cxKTWyWUwvSTriiZz/g==}
    engines: {node: '>=8'}

  string-width@5.1.2:
    resolution: {integrity: sha512-HnLOCR3vjcY8beoNLtcjZ5/nxn2afmME6lhrDrebokqMap+XbeW8n9TXpPDOqdGK5qcI3oT0GKTW6wC7EMiVqA==}
    engines: {node: '>=12'}

  string_decoder@0.10.31:
    resolution: {integrity: sha512-ev2QzSzWPYmy9GuqfIVildA4OdcGLeFZQrq5ys6RtiuF+RQQiZWr8TZNyAcuVXyQRYfEO+MsoB/1BuQVhOJuoQ==}

  strip-ansi@0.1.1:
    resolution: {integrity: sha512-behete+3uqxecWlDAm5lmskaSaISA+ThQ4oNNBDTBJt0x2ppR6IPqfZNuj6BLaLJ/Sji4TPZlcRyOis8wXQTLg==}
    engines: {node: '>=0.8.0'}
    hasBin: true

  strip-ansi@0.3.0:
    resolution: {integrity: sha512-DerhZL7j6i6/nEnVG0qViKXI0OKouvvpsAiaj7c+LfqZZZxdwZtv8+UiA/w4VUJpT8UzX0pR1dcHOii1GbmruQ==}
    engines: {node: '>=0.10.0'}
    hasBin: true

  strip-ansi@6.0.1:
    resolution: {integrity: sha512-Y38VPSHcqkFrCpFnQ9vuSXmquuv5oXOKpGeT6aGrr3o3Gc9AlVa6JBfUSOCnbxGGZF+/0ooI7KrPuUSztUdU5A==}
    engines: {node: '>=8'}

  strip-ansi@7.1.0:
    resolution: {integrity: sha512-iq6eVVI64nQQTRYq2KtEg2d2uU7LElhTJwsH4YzIHZshxlgZms/wIc4VoDQTlG/IvVIrBKG06CrZnp0qv7hkcQ==}
    engines: {node: '>=12'}

  supports-color@0.2.0:
    resolution: {integrity: sha512-tdCZ28MnM7k7cJDJc7Eq80A9CsRFAAOZUy41npOZCs++qSjfIy7o5Rh46CBk+Dk5FbKJ33X3Tqg4YrV07N5RaA==}
    engines: {node: '>=0.10.0'}
    hasBin: true

  tiny-lr@0.0.4:
    resolution: {integrity: sha512-I1CwtLSw7VlqmhrZlyeiefGJM2KyNOEfzKHdGnS/7JJzYDDMkUflcRUXJ+eAEpB6SdHvjk/i9DfT/4iOLmx5xg==}
    hasBin: true

  uglify-js@2.4.24:
    resolution: {integrity: sha512-tktIjwackfZLd893KGJmXc1hrRHH1vH9Po3xFh1XBjjeGAnN02xJ3SuoA+n1L29/ZaCA18KzCFlckS+vfPugiA==}
    engines: {node: '>=0.4.0'}
    hasBin: true

  uglify-to-browserify@1.0.2:
    resolution: {integrity: sha512-vb2s1lYx2xBtUgy+ta+b2J/GLVUR+wmpINwHePmPRhOsIVCG2wDzKJ0n14GslH1BifsqVzSOwQhRaCAsZ/nI4Q==}

  underscore.string@2.2.1:
    resolution: {integrity: sha512-3FVmhXqelrj6gfgp3Bn6tOavJvW0dNH2T+heTD38JRxIrAbiuzbqjknszoOYj3DyFB1nWiLj208Qt2no/L4cIA==}

  underscore.string@2.3.3:
    resolution: {integrity: sha512-hbD5MibthuDAu4yA5wxes5bzFgqd3PpBJuClbRxaNddxfdsz+qf+1kHwrGQFrmchmDHb9iNU+6EHDn8uj0xDJg==}

  underscore.string@2.4.0:
    resolution: {integrity: sha512-yxkabuCaIBnzfIvX3kBxQqCs0ar/bfJwDnFEHJUm/ZrRVhT3IItdRF5cZjARLzEnyQYtIUhsZ2LG2j3HidFOFQ==}

  underscore@1.4.4:
    resolution: {integrity: sha512-ZqGrAgaqqZM7LGRzNjLnw5elevWb5M8LEoDMadxIW3OWbcv72wMMgKdwOKpd5Fqxe8choLD8HN3iSj3TUh/giQ==}

  underscore@1.7.0:
    resolution: {integrity: sha512-cp0oQQyZhUM1kpJDLdGO1jPZHgS/MpzoWYfe9+CM2h/QGDZlqwT2T3YGukuBdaNJ/CAPoeyAZRRHz8JFo176vA==}

  which@1.0.9:
    resolution: {integrity: sha512-E87fdQ/eRJr9W1X4wTPejNy9zTW3FI2vpCZSJ/HAY+TkjKVC0TUm1jk6vn2Z7qay0DQy0+RBGdXxj+RmmiGZKQ==}
    hasBin: true

  which@2.0.2:
    resolution: {integrity: sha512-BLI3Tl1TW3Pvl70l3yq3Y64i+awpwXqsGBYWkkqMtnbXgrMD+yj7rhW0kuEDxzJaYXGjEW5ogapKNMEKNMjibA==}
    engines: {node: '>= 8'}
    hasBin: true

  window-size@0.1.0:
    resolution: {integrity: sha512-1pTPQDKTdd61ozlKGNCjhNRd+KPmgLSGa3mZTHoOliaGcESD8G1PXhh7c1fgiPjVbNVfgy2Faw4BI8/m0cC8Mg==}
    engines: {node: '>= 0.8.0'}

  wordwrap@0.0.2:
    resolution: {integrity: sha512-xSBsCeh+g+dinoBv3GAOWM4LcVVO68wLXRanibtBSdUvkGWQRGeE9P7IwU9EmDDi4jA6L44lz15CGMwdw9N5+Q==}
    engines: {node: '>=0.4.0'}

  wrap-ansi@7.0.0:
    resolution: {integrity: sha512-YVGIj2kamLSTxw6NsZjoBxfSwsn0ycdesmc4p+Q21c5zPuZ1pl+NfxVdxPtdHvmNVOQ6XSYG4AUtyt/Fi7D16Q==}
    engines: {node: '>=10'}

  wrap-ansi@8.1.0:
    resolution: {integrity: sha512-si7QWI6zUMq56bESFvagtmzMdGOtoxfR+Sez11Mobfc7tm+VkUckk9bW2UeffTGVUbOksxmSw0AA2gs8g71NCQ==}
    engines: {node: '>=12'}

  yargs@3.5.4:
    resolution: {integrity: sha512-5j382E4xQSs71p/xZQsU1PtRA2HXPAjX0E0DkoGLxwNASMOKX6A9doV1NrZmj85u2Pjquz402qonBzz/yLPbPA==}

  zlib-browserify@0.0.1:
    resolution: {integrity: sha512-fheIDCKXU0YAGZMv4FFwVTBMQRSv2ZjNqRN1VkZjetZDK/BC/hViEhasTh0kTeogcsIAl5gYE04GN53trT+cFw==}

snapshots:

  '@isaacs/cliui@8.0.2':
    dependencies:
      string-width: 5.1.2
      string-width-cjs: string-width@4.2.3
      strip-ansi: 7.1.0
      strip-ansi-cjs: strip-ansi@6.0.1
      wrap-ansi: 8.1.0
      wrap-ansi-cjs: wrap-ansi@7.0.0

  abbrev@1.1.1: {}

  amdefine@1.0.1: {}

  ansi-regex@0.2.1: {}

  ansi-regex@5.0.1: {}

  ansi-regex@6.1.0: {}

  ansi-styles@1.0.0: {}

  ansi-styles@1.1.0: {}

  ansi-styles@4.3.0:
    dependencies:
      color-convert: 2.0.1

  ansi-styles@6.2.1: {}

  argparse@0.1.16:
    dependencies:
      underscore: 1.7.0
      underscore.string: 2.4.0

  array-differ@0.1.0: {}

  array-union@0.1.0:
    dependencies:
      array-uniq: 0.1.1

  array-uniq@0.1.1: {}

  async@0.1.22: {}

  async@0.2.10: {}

  balanced-match@1.0.2: {}

  brace-expansion@2.0.1:
    dependencies:
      balanced-match: 1.0.2

  camelcase@1.2.1: {}

  chalk@0.4.0:
    dependencies:
      ansi-styles: 1.0.0
      has-color: 0.1.7
      strip-ansi: 0.1.1

  chalk@0.5.1:
    dependencies:
      ansi-styles: 1.1.0
      escape-string-regexp: 1.0.5
      has-ansi: 0.1.0
      strip-ansi: 0.3.0
      supports-color: 0.2.0

  cli@0.4.5:
    dependencies:
      glob: 11.0.0

  coffee-script@1.3.3: {}

  color-convert@2.0.1:
    dependencies:
      color-name: 1.1.4

  color-name@1.1.4: {}

  colors@0.6.2: {}

  console-browserify@0.1.6: {}

  core-util-is@1.0.3: {}

  cross-spawn@7.0.6:
    dependencies:
      path-key: 3.1.1
      shebang-command: 2.0.0
      which: 2.0.2

  dateformat@1.0.2-1.2.3: {}

  debug@0.7.4: {}

  decamelize@1.2.0: {}

  domelementtype@1.3.1: {}

  domhandler@2.1.0:
    dependencies:
      domelementtype: 1.3.1

  domutils@1.1.6:
    dependencies:
      domelementtype: 1.3.1

  eastasianwidth@0.2.0: {}

  emoji-regex@8.0.0: {}

  emoji-regex@9.2.2: {}

  escape-string-regexp@1.0.5: {}

  esprima@1.0.4: {}

  eventemitter2@0.4.14: {}

  exit@0.1.2: {}

  faye-websocket@0.4.4: {}

  findup-sync@0.1.3:
    dependencies:
      glob: 3.2.11
      lodash: 2.4.2

  foreground-child@3.3.0:
    dependencies:
      cross-spawn: 7.0.6
      signal-exit: 4.1.0

  gaze@0.4.3:
    dependencies:
      globule: 0.1.0

  getobject@0.1.0: {}

  glob@11.0.0:
    dependencies:
      foreground-child: 3.3.0
      jackspeak: 4.0.2
      minimatch: 10.0.1
      minipass: 7.1.2
      package-json-from-dist: 1.0.1
      path-scurry: 2.0.0

  glob@3.1.21:
    dependencies:
      graceful-fs: 1.2.3
      inherits: 1.0.2
      minimatch: 0.2.14

  glob@3.2.11:
    dependencies:
      inherits: 2.0.4
      minimatch: 0.3.0

  globule@0.1.0:
    dependencies:
      glob: 3.1.21
      lodash: 1.0.2
      minimatch: 0.2.14

  graceful-fs@1.2.3: {}

  grunt-contrib-concat@0.5.1(grunt@0.4.5):
    dependencies:
      chalk: 0.5.1
      grunt: 0.4.5
      source-map: 0.3.0

  grunt-contrib-jshint@0.8.0(grunt@0.4.5):
    dependencies:
      grunt: 0.4.5
      jshint: 2.4.4

  grunt-contrib-uglify@0.3.3(grunt@0.4.5):
    dependencies:
      chalk: 0.4.0
      grunt: 0.4.5
      grunt-lib-contrib: 0.6.1
      uglify-js: 2.4.24

  grunt-contrib-watch@0.5.3(grunt@0.4.5):
    dependencies:
      gaze: 0.4.3
      grunt: 0.4.5
      tiny-lr: 0.0.4
    transitivePeerDependencies:
      - supports-color

  grunt-legacy-log-utils@0.1.1:
    dependencies:
      colors: 0.6.2
      lodash: 2.4.2
      underscore.string: 2.3.3

  grunt-legacy-log@0.1.3:
    dependencies:
      colors: 0.6.2
      grunt-legacy-log-utils: 0.1.1
      hooker: 0.2.3
      lodash: 2.4.2
      underscore.string: 2.3.3

  grunt-legacy-util@0.2.0:
    dependencies:
      async: 0.1.22
      exit: 0.1.2
      getobject: 0.1.0
      hooker: 0.2.3
      lodash: 0.9.2
      underscore.string: 2.2.1
      which: 1.0.9

  grunt-lib-contrib@0.6.1:
    dependencies:
      zlib-browserify: 0.0.1

  grunt-notify@0.3.1(grunt@0.4.5):
    dependencies:
      grunt: 0.4.5
      semver: 3.0.1
      stack-parser: 0.0.1
      which: 1.0.9

  grunt@0.4.5:
    dependencies:
      async: 0.1.22
      coffee-script: 1.3.3
      colors: 0.6.2
      dateformat: 1.0.2-1.2.3
      eventemitter2: 0.4.14
      exit: 0.1.2
      findup-sync: 0.1.3
      getobject: 0.1.0
      glob: 3.1.21
      grunt-legacy-log: 0.1.3
      grunt-legacy-util: 0.2.0
      hooker: 0.2.3
      iconv-lite: 0.2.11
      js-yaml: 2.0.5
      lodash: 0.9.2
      minimatch: 0.2.14
      nopt: 1.0.10
      rimraf: 2.2.8
      underscore.string: 2.2.1
      which: 1.0.9

  has-ansi@0.1.0:
    dependencies:
      ansi-regex: 0.2.1

  has-color@0.1.7: {}

  hooker@0.2.3: {}

  htmlparser2@3.3.0:
    dependencies:
      domelementtype: 1.3.1
      domhandler: 2.1.0
      domutils: 1.1.6
      readable-stream: 1.0.34

  iconv-lite@0.2.11: {}

  inherits@1.0.2: {}

  inherits@2.0.4: {}

  is-fullwidth-code-point@3.0.0: {}

  isarray@0.0.1: {}

  isexe@2.0.0: {}

  jackspeak@4.0.2:
    dependencies:
      '@isaacs/cliui': 8.0.2

  js-yaml@2.0.5:
    dependencies:
      argparse: 0.1.16
      esprima: 1.0.4

  jshint@2.4.4:
    dependencies:
      cli: 0.4.5
      console-browserify: 0.1.6
      exit: 0.1.2
      htmlparser2: 3.3.0
      minimatch: 0.4.0
      shelljs: 0.1.4
      underscore: 1.4.4

  load-grunt-tasks@0.6.0:
    dependencies:
      findup-sync: 0.1.3
      multimatch: 0.3.0

  lodash@0.9.2: {}

  lodash@1.0.2: {}

  lodash@2.4.2: {}

  lru-cache@11.0.2: {}

  lru-cache@2.7.3: {}

  minimatch@0.2.14:
    dependencies:
      lru-cache: 2.7.3
      sigmund: 1.0.1

  minimatch@0.3.0:
    dependencies:
      lru-cache: 2.7.3
      sigmund: 1.0.1

  minimatch@0.4.0:
    dependencies:
      lru-cache: 2.7.3
      sigmund: 1.0.1

  minimatch@10.0.1:
    dependencies:
      brace-expansion: 2.0.1

  minipass@7.1.2: {}

  multimatch@0.3.0:
    dependencies:
      array-differ: 0.1.0
      array-union: 0.1.0
      minimatch: 0.3.0

  nopt@1.0.10:
    dependencies:
      abbrev: 1.1.1

  nopt@2.0.0:
    dependencies:
      abbrev: 1.1.1

  noptify@0.0.3:
    dependencies:
      nopt: 2.0.0

  package-json-from-dist@1.0.1: {}

  path-key@3.1.1: {}

  path-scurry@2.0.0:
    dependencies:
      lru-cache: 11.0.2
      minipass: 7.1.2

  qs@0.5.6: {}

  readable-stream@1.0.34:
    dependencies:
      core-util-is: 1.0.3
      inherits: 2.0.4
      isarray: 0.0.1
      string_decoder: 0.10.31

  rimraf@2.2.8: {}

  semver@3.0.1: {}

  shebang-command@2.0.0:
    dependencies:
      shebang-regex: 3.0.0

  shebang-regex@3.0.0: {}

  shelljs@0.1.4: {}

  sigmund@1.0.1: {}

  signal-exit@4.1.0: {}

  source-map@0.1.34:
    dependencies:
      amdefine: 1.0.1

  source-map@0.3.0:
    dependencies:
      amdefine: 1.0.1

  stack-parser@0.0.1: {}

  string-width@4.2.3:
    dependencies:
      emoji-regex: 8.0.0
      is-fullwidth-code-point: 3.0.0
      strip-ansi: 6.0.1

  string-width@5.1.2:
    dependencies:
      eastasianwidth: 0.2.0
      emoji-regex: 9.2.2
      strip-ansi: 7.1.0

  string_decoder@0.10.31: {}

  strip-ansi@0.1.1: {}

  strip-ansi@0.3.0:
    dependencies:
      ansi-regex: 0.2.1

  strip-ansi@6.0.1:
    dependencies:
      ansi-regex: 5.0.1

  strip-ansi@7.1.0:
    dependencies:
      ansi-regex: 6.1.0

  supports-color@0.2.0: {}

  tiny-lr@0.0.4:
    dependencies:
      debug: 0.7.4
      faye-websocket: 0.4.4
      noptify: 0.0.3
      qs: 0.5.6
    transitivePeerDependencies:
      - supports-color

  uglify-js@2.4.24:
    dependencies:
      async: 0.2.10
      source-map: 0.1.34
      uglify-to-browserify: 1.0.2
      yargs: 3.5.4

  uglify-to-browserify@1.0.2: {}

  underscore.string@2.2.1: {}

  underscore.string@2.3.3: {}

  underscore.string@2.4.0: {}

  underscore@1.4.4: {}

  underscore@1.7.0: {}

  which@1.0.9: {}

  which@2.0.2:
    dependencies:
      isexe: 2.0.0

  window-size@0.1.0: {}

  wordwrap@0.0.2: {}

  wrap-ansi@7.0.0:
    dependencies:
      ansi-styles: 4.3.0
      string-width: 4.2.3
      strip-ansi: 6.0.1

  wrap-ansi@8.1.0:
    dependencies:
      ansi-styles: 6.2.1
      string-width: 5.1.2
      strip-ansi: 7.1.0

  yargs@3.5.4:
    dependencies:
      camelcase: 1.2.1
      decamelize: 1.2.0
      window-size: 0.1.0
      wordwrap: 0.0.2

  zlib-browserify@0.0.1: {}
